Microsoft Visual Studio Solution File, Format Version 12.00
# Visual Studio Version 17
VisualStudioVersion = 17.5.2.0
MinimumVisualStudioVersion = 10.0.40219.1
Project("{FAE04EC0-301F-11D3-BF4B-00C04F79EFBC}") = "PalindromeServer", "PalindromeServer.csproj", "{157B9B94-B636-EAD4-27AD-C54F977F2FDE}"
EndProject
Global
	GlobalSection(SolutionConfigurationPlatforms) = preSolution
		Debug|Any CPU = Debug|Any CPU
		Release|Any CPU = Release|Any CPU
	EndGlobalSection
	GlobalSection(ProjectConfigurationPlatforms) = postSolution
		{157B9B94-B636-EAD4-27AD-C54F977F2FDE}.Debug|Any CPU.ActiveCfg = Debug|Any CPU
		{157B9B94-B636-EAD4-27AD-C54F977F2FDE}.Debug|Any CPU.Build.0 = Debug|Any CPU
		{157B9B94-B636-EAD4-27AD-C54F977F2FDE}.Release|Any CPU.ActiveCfg = Release|Any CPU
		{157B9B94-B636-EAD4-27AD-C54F977F2FDE}.Release|Any CPU.Build.0 = Release|Any CPU
	EndGlobalSection
	GlobalSection(SolutionProperties) = preSolution
		HideSolutionNode = FALSE
	EndGlobalSection
	GlobalSection(ExtensibilityGlobals) = postSolution
		SolutionGuid = {D0C951C9-29C3-4710-BA26-857AEC7988BD}
	EndGlobalSection
EndGlobal
